{
  "object": {
    "pins": [
      {
        "package": "iPhoneNumberField",
        "repositoryURL": "https://github.com/MojtabaHs/iPhoneNumberField.git",
        "state": {
          "branch": "master",
          "revision": "86d9267ee7e443d32d5309d47263b691fe1450d0",
          "version": null
        }
      },
      {
        "package": "PhoneNumberKit",
        "repositoryURL": "https://github.com/marmelroy/PhoneNumberKit",
        "state": {
          "branch": null,
          "revision": "1ef0431b971f69c48ca5eb4cdba07f2c5da54c35",
          "version": "3.3.3"
        }
      }
    ]
  },
  "version": 1
}
