{
  "object": {
    "pins": [
      {
        "package": "CryptoSwift",
        "repositoryURL": "https://github.com/krzyzanowskim/CryptoSwift.git",
        "state": {
          "branch": null,
          "revision": "12f2389aca4a07e0dd54c86ec23d0721ed88b8db",
          "version": "1.4.3"
        }
      },
      {
        "package": "iPhoneNumberField",
        "repositoryURL": "https://github.com/MojtabaHs/iPhoneNumberField.git",
        "state": {
          "branch": "master",
          "revision": "86d9267ee7e443d32d5309d47263b691fe1450d0",
          "version": null
        }
      },
      {
        "package": "PhoneNumberKit",
        "repositoryURL": "https://github.com/marmelroy/PhoneNumberKit",
        "state": {
          "branch": null,
          "revision": "fc8b12831c166e7851c341c2ac5a120c8716304a",
          "version": "3.3.4"
        }
      }
    ]
  },
  "version": 1
}
